// !$*UTF8*$!
{
	archiveVersion = 1;
	classes = {
	};
	objectVersion = 51;
	objects = {

/* Begin PBXBuildFile section */
		3BF7FD28D773FAA1F4281C08 /* Pods_MARU.framework in Frameworks */ = {isa = PBXBuildFile; fileRef = 5CE16988EFDC8A9F29E8ABFB /* Pods_MARU.framework */; };
		771B85CA262186D3009ECF72 /* QuizModel.swift in Sources */ = {isa = PBXBuildFile; fileRef = 77569B742620CE6C008BF77B /* QuizModel.swift */; };
		771B85DB26218874009ECF72 /* QuizViewModel.swift in Sources */ = {isa = PBXBuildFile; fileRef = 77569B6E2620CE20008BF77B /* QuizViewModel.swift */; };
		774BDE7326609B9800B97CC6 /* SectionHeader.swift in Sources */ = {isa = PBXBuildFile; fileRef = 774BDE7226609B9800B97CC6 /* SectionHeader.swift */; };
		77569B752620CE6C008BF77B /* QuizModel.swift in Sources */ = {isa = PBXBuildFile; fileRef = 77569B742620CE6C008BF77B /* QuizModel.swift */; };
		776320452646B35900293D1C /* Book.swift in Sources */ = {isa = PBXBuildFile; fileRef = 776320442646B35900293D1C /* Book.swift */; };
		776320482646B60E00293D1C /* MainViewModel.swift in Sources */ = {isa = PBXBuildFile; fileRef = 776320472646B60E00293D1C /* MainViewModel.swift */; };
		776AF4F02641A7060020D2D8 /* MainViewCollectionView.swift in Sources */ = {isa = PBXBuildFile; fileRef = 776AF4EF2641A7060020D2D8 /* MainViewCollectionView.swift */; };
		776AF4F32641B0BE0020D2D8 /* MaruSearchView.swift in Sources */ = {isa = PBXBuildFile; fileRef = 776AF4F22641B0BE0020D2D8 /* MaruSearchView.swift */; };
		776AF4F62641BADF0020D2D8 /* NewMeetingCell.swift in Sources */ = {isa = PBXBuildFile; fileRef = 776AF4F52641BADF0020D2D8 /* NewMeetingCell.swift */; };
		776AF4F82641BAF30020D2D8 /* PopularMeetingCell.swift in Sources */ = {isa = PBXBuildFile; fileRef = 776AF4F72641BAF30020D2D8 /* PopularMeetingCell.swift */; };
		776D06E32657F7EB007CD99B /* MainHeaderCell.swift in Sources */ = {isa = PBXBuildFile; fileRef = 776D06E22657F7EB007CD99B /* MainHeaderCell.swift */; };
		7784BB3826622B5D00B636EE /* MorePopularViewController.swift in Sources */ = {isa = PBXBuildFile; fileRef = 7784BB3726622B5D00B636EE /* MorePopularViewController.swift */; };
		77B718EE26470CBC0005B129 /* MainModel.swift in Sources */ = {isa = PBXBuildFile; fileRef = 77B718ED26470CBC0005B129 /* MainModel.swift */; };
		77E150FE262328D3007BEBBF /* QuizViewController.swift in Sources */ = {isa = PBXBuildFile; fileRef = 77E150FD262328D3007BEBBF /* QuizViewController.swift */; };
		77E1510426232938007BEBBF /* QuizContentView.swift in Sources */ = {isa = PBXBuildFile; fileRef = 77E1510326232938007BEBBF /* QuizContentView.swift */; };
		C5038202262B0394002706C3 /* EmptyMeetCollectionViewCell.swift in Sources */ = {isa = PBXBuildFile; fileRef = C5038201262B0394002706C3 /* EmptyMeetCollectionViewCell.swift */; };
		C510367826201B4C00285A44 /* MeetCollectionViewCell.swift in Sources */ = {isa = PBXBuildFile; fileRef = C510367726201B4C00285A44 /* MeetCollectionViewCell.swift */; };
		C51CA7F3260D964E00CE4804 /* AppDelegate.swift in Sources */ = {isa = PBXBuildFile; fileRef = C51CA7F2260D964E00CE4804 /* AppDelegate.swift */; };
		C51CA7F5260D964E00CE4804 /* SceneDelegate.swift in Sources */ = {isa = PBXBuildFile; fileRef = C51CA7F4260D964E00CE4804 /* SceneDelegate.swift */; };
		C51CA7F7260D964E00CE4804 /* LoginViewController.swift in Sources */ = {isa = PBXBuildFile; fileRef = C51CA7F6260D964E00CE4804 /* LoginViewController.swift */; };
		C51CA7FC260D966000CE4804 /* Assets.xcassets in Resources */ = {isa = PBXBuildFile; fileRef = C51CA7FB260D966000CE4804 /* Assets.xcassets */; };
		C51CA7FF260D966000CE4804 /* LaunchScreen.storyboard in Resources */ = {isa = PBXBuildFile; fileRef = C51CA7FD260D966000CE4804 /* LaunchScreen.storyboard */; };
		C52E782A260F277F0087570E /* BaseViewController.swift in Sources */ = {isa = PBXBuildFile; fileRef = C52E7829260F277F0087570E /* BaseViewController.swift */; };
		C52F9F702642719E007C73B7 /* MyChatCollectionViewCell.swift in Sources */ = {isa = PBXBuildFile; fileRef = C52F9F6F2642719E007C73B7 /* MyChatCollectionViewCell.swift */; };
		C52F9F72264271BE007C73B7 /* OtherChatCollectionViewCell.swift in Sources */ = {isa = PBXBuildFile; fileRef = C52F9F71264271BE007C73B7 /* OtherChatCollectionViewCell.swift */; };
		C5332ACB260F50EC007D7797 /* KeychainHandler.swift in Sources */ = {isa = PBXBuildFile; fileRef = C5332ACA260F50EC007D7797 /* KeychainHandler.swift */; };
		C5332AD7260F5197007D7797 /* Model.swift in Sources */ = {isa = PBXBuildFile; fileRef = C5332AD6260F5197007D7797 /* Model.swift */; };
		C5436FB3262F1FFE00C2E1D3 /* ChatViewController.swift in Sources */ = {isa = PBXBuildFile; fileRef = C5436FB2262F1FFE00C2E1D3 /* ChatViewController.swift */; };
		C5436FBB262F201B00C2E1D3 /* ChatViewModel.swift in Sources */ = {isa = PBXBuildFile; fileRef = C5436FBA262F201B00C2E1D3 /* ChatViewModel.swift */; };
		C55E21BF266B616900D5D953 /* OnboardingViewController.swift in Sources */ = {isa = PBXBuildFile; fileRef = C55E21BE266B616900D5D953 /* OnboardingViewController.swift */; };
		C55E21C1266B7A9400D5D953 /* OnboardingCollectionViewCell.swift in Sources */ = {isa = PBXBuildFile; fileRef = C55E21C0266B7A9400D5D953 /* OnboardingCollectionViewCell.swift */; };
		C55E21C3266B7AD900D5D953 /* OnboardingLoginCollectionViewCell.swift in Sources */ = {isa = PBXBuildFile; fileRef = C55E21C2266B7AD900D5D953 /* OnboardingLoginCollectionViewCell.swift */; };
		C55F14DB260F31C4003D99D0 /* GoogleService-Info.plist in Resources */ = {isa = PBXBuildFile; fileRef = C55F14DA260F31C4003D99D0 /* GoogleService-Info.plist */; };
		C55F1524260F3B74003D99D0 /* .swiftlint.yml in Resources */ = {isa = PBXBuildFile; fileRef = C55F1523260F3B74003D99D0 /* .swiftlint.yml */; };
		C55F152C260F3E52003D99D0 /* GoogleService-Info-Dev.plist in Resources */ = {isa = PBXBuildFile; fileRef = C55F152B260F3E52003D99D0 /* GoogleService-Info-Dev.plist */; };
		C55F1533260F3F2F003D99D0 /* SplashViewController.swift in Sources */ = {isa = PBXBuildFile; fileRef = C55F1532260F3F2F003D99D0 /* SplashViewController.swift */; };
		C55F1538260F3FA4003D99D0 /* UIViewController+.swift in Sources */ = {isa = PBXBuildFile; fileRef = C55F1537260F3FA4003D99D0 /* UIViewController+.swift */; };
		C55F153C260F3FC8003D99D0 /* UICollectionView+.swift in Sources */ = {isa = PBXBuildFile; fileRef = C55F153B260F3FC8003D99D0 /* UICollectionView+.swift */; };
		C55F1540260F3FDF003D99D0 /* ReusableView.swift in Sources */ = {isa = PBXBuildFile; fileRef = C55F153F260F3FDF003D99D0 /* ReusableView.swift */; };
		C55F173B260F4418003D99D0 /* UIView+.swift in Sources */ = {isa = PBXBuildFile; fileRef = C55F173A260F4418003D99D0 /* UIView+.swift */; };
		C55F173E260F4443003D99D0 /* CALayer+.swift in Sources */ = {isa = PBXBuildFile; fileRef = C55F173D260F4443003D99D0 /* CALayer+.swift */; };
		C55F1741260F449A003D99D0 /* Enviroment.swift in Sources */ = {isa = PBXBuildFile; fileRef = C55F1740260F449A003D99D0 /* Enviroment.swift */; };
		C55F1780260F46A5003D99D0 /* RIDIBatang.otf in Resources */ = {isa = PBXBuildFile; fileRef = C55F177F260F469E003D99D0 /* RIDIBatang.otf */; };
		C55F1783260F4703003D99D0 /* LoginViewModel.swift in Sources */ = {isa = PBXBuildFile; fileRef = C55F1782260F4703003D99D0 /* LoginViewModel.swift */; };
		C55F1786260F4727003D99D0 /* ViewModelType.swift in Sources */ = {isa = PBXBuildFile; fileRef = C55F1785260F4727003D99D0 /* ViewModelType.swift */; };
		C55F17EB260F48C5003D99D0 /* ViewController.swift in Sources */ = {isa = PBXBuildFile; fileRef = C55F17EA260F48C5003D99D0 /* ViewController.swift */; };
		C55F1816260F4DC5003D99D0 /* MARUUITests.swift in Sources */ = {isa = PBXBuildFile; fileRef = C55F1815260F4DC5003D99D0 /* MARUUITests.swift */; };
		C55F1826260F4DD1003D99D0 /* MARUTests.swift in Sources */ = {isa = PBXBuildFile; fileRef = C55F1825260F4DD1003D99D0 /* MARUTests.swift */; };
		C58F6A4F2646CFB000D8AA7C /* Int+.swift in Sources */ = {isa = PBXBuildFile; fileRef = C58F6A4E2646CFB000D8AA7C /* Int+.swift */; };
		C58F6A512646D05A00D8AA7C /* String+.swift in Sources */ = {isa = PBXBuildFile; fileRef = C58F6A502646D05A00D8AA7C /* String+.swift */; };
		C58F6A542646E9D600D8AA7C /* NetworkService.swift in Sources */ = {isa = PBXBuildFile; fileRef = C58F6A532646E9D600D8AA7C /* NetworkService.swift */; };
		C5B00F1E261887FF00911788 /* TabBarController.swift in Sources */ = {isa = PBXBuildFile; fileRef = C5B00F1D261887FF00911788 /* TabBarController.swift */; };
		C5E6E788261B33F000500370 /* MeetViewModel.swift in Sources */ = {isa = PBXBuildFile; fileRef = C5E6E787261B33F000500370 /* MeetViewModel.swift */; };
		C5ED1D77261889AC00F670EC /* MainViewController.swift in Sources */ = {isa = PBXBuildFile; fileRef = C5ED1D76261889AC00F670EC /* MainViewController.swift */; };
		C5ED1D7C261889C000F670EC /* MeetViewController.swift in Sources */ = {isa = PBXBuildFile; fileRef = C5ED1D7B261889C000F670EC /* MeetViewController.swift */; };
		C5ED1D8126188A2900F670EC /* LibraryViewController.swift in Sources */ = {isa = PBXBuildFile; fileRef = C5ED1D8026188A2900F670EC /* LibraryViewController.swift */; };
		C5ED5ADC263E73C100BA7D47 /* InputView.swift in Sources */ = {isa = PBXBuildFile; fileRef = C5ED5ADB263E73C100BA7D47 /* InputView.swift */; };
		E22306EB262AC6E400B25CEA /* Image.swift in Sources */ = {isa = PBXBuildFile; fileRef = E22306EA262AC6E400B25CEA /* Image.swift */; };
		E22306F0262AC92000B25CEA /* RIDIBatangFont.swift in Sources */ = {isa = PBXBuildFile; fileRef = E22306EF262AC92000B25CEA /* RIDIBatangFont.swift */; };
		E22306F8262ACEBC00B25CEA /* UIColor+.swift in Sources */ = {isa = PBXBuildFile; fileRef = E22306F7262ACEBC00B25CEA /* UIColor+.swift */; };
		E22306FE262AD93B00B25CEA /* VerticalAlignLabel.swift in Sources */ = {isa = PBXBuildFile; fileRef = E22306FD262AD93B00B25CEA /* VerticalAlignLabel.swift */; };
		E354F18DDF1FDEEB3BBD062E /* Pods_MARUTests.framework in Frameworks */ = {isa = PBXBuildFile; fileRef = 2D32DD52EE10905E1C82507D /* Pods_MARUTests.framework */; };
/* End PBXBuildFile section */

/* Begin PBXContainerItemProxy section */
		C55F1818260F4DC5003D99D0 /* PBXContainerItemProxy */ = {
			isa = PBXContainerItemProxy;
			containerPortal = C51CA7E7260D964E00CE4804 /* Project object */;
			proxyType = 1;
			remoteGlobalIDString = C51CA7EE260D964E00CE4804;
			remoteInfo = MARU;
		};
		C55F1828260F4DD1003D99D0 /* PBXContainerItemProxy */ = {
			isa = PBXContainerItemProxy;
			containerPortal = C51CA7E7260D964E00CE4804 /* Project object */;
			proxyType = 1;
			remoteGlobalIDString = C51CA7EE260D964E00CE4804;
			remoteInfo = MARU;
		};
/* End PBXContainerItemProxy section */

/* Begin PBXFileReference section */
		036D8ACE6D8AA02323CE13E3 /* Pods-MARUTests.debug.xcconfig */ = {isa = PBXFileReference; includeInIndex = 1; lastKnownFileType = text.xcconfig; name = "Pods-MARUTests.debug.xcconfig"; path = "Target Support Files/Pods-MARUTests/Pods-MARUTests.debug.xcconfig"; sourceTree = "<group>"; };
		1A3F6BF62C4F66E442A6B6D6 /* Pods-MARUTests.release.xcconfig */ = {isa = PBXFileReference; includeInIndex = 1; lastKnownFileType = text.xcconfig; name = "Pods-MARUTests.release.xcconfig"; path = "Target Support Files/Pods-MARUTests/Pods-MARUTests.release.xcconfig"; sourceTree = "<group>"; };
		2D32DD52EE10905E1C82507D /* Pods_MARUTests.framework */ = {isa = PBXFileReference; explicitFileType = wrapper.framework; includeInIndex = 0; path = Pods_MARUTests.framework; sourceTree = BUILT_PRODUCTS_DIR; };
		5CE16988EFDC8A9F29E8ABFB /* Pods_MARU.framework */ = {isa = PBXFileReference; explicitFileType = wrapper.framework; includeInIndex = 0; path = Pods_MARU.framework; sourceTree = BUILT_PRODUCTS_DIR; };
		774BDE7226609B9800B97CC6 /* SectionHeader.swift */ = {isa = PBXFileReference; lastKnownFileType = sourcecode.swift; path = SectionHeader.swift; sourceTree = "<group>"; };
		77569B6E2620CE20008BF77B /* QuizViewModel.swift */ = {isa = PBXFileReference; lastKnownFileType = sourcecode.swift; path = QuizViewModel.swift; sourceTree = "<group>"; };
		77569B742620CE6C008BF77B /* QuizModel.swift */ = {isa = PBXFileReference; lastKnownFileType = sourcecode.swift; path = QuizModel.swift; sourceTree = "<group>"; };
		776320442646B35900293D1C /* Book.swift */ = {isa = PBXFileReference; lastKnownFileType = sourcecode.swift; path = Book.swift; sourceTree = "<group>"; };
		776320472646B60E00293D1C /* MainViewModel.swift */ = {isa = PBXFileReference; lastKnownFileType = sourcecode.swift; path = MainViewModel.swift; sourceTree = "<group>"; };
		776AF4EF2641A7060020D2D8 /* MainViewCollectionView.swift */ = {isa = PBXFileReference; lastKnownFileType = sourcecode.swift; path = MainViewCollectionView.swift; sourceTree = "<group>"; };
		776AF4F22641B0BE0020D2D8 /* MaruSearchView.swift */ = {isa = PBXFileReference; lastKnownFileType = sourcecode.swift; path = MaruSearchView.swift; sourceTree = "<group>"; };
		776AF4F52641BADF0020D2D8 /* NewMeetingCell.swift */ = {isa = PBXFileReference; lastKnownFileType = sourcecode.swift; path = NewMeetingCell.swift; sourceTree = "<group>"; };
		776AF4F72641BAF30020D2D8 /* PopularMeetingCell.swift */ = {isa = PBXFileReference; lastKnownFileType = sourcecode.swift; path = PopularMeetingCell.swift; sourceTree = "<group>"; };
		776D06E22657F7EB007CD99B /* MainHeaderCell.swift */ = {isa = PBXFileReference; lastKnownFileType = sourcecode.swift; path = MainHeaderCell.swift; sourceTree = "<group>"; };
		7784BB3726622B5D00B636EE /* MorePopularViewController.swift */ = {isa = PBXFileReference; lastKnownFileType = sourcecode.swift; path = MorePopularViewController.swift; sourceTree = "<group>"; };
		77B718ED26470CBC0005B129 /* MainModel.swift */ = {isa = PBXFileReference; lastKnownFileType = sourcecode.swift; path = MainModel.swift; sourceTree = "<group>"; };
		77E150FD262328D3007BEBBF /* QuizViewController.swift */ = {isa = PBXFileReference; lastKnownFileType = sourcecode.swift; path = QuizViewController.swift; sourceTree = "<group>"; };
		77E1510326232938007BEBBF /* QuizContentView.swift */ = {isa = PBXFileReference; lastKnownFileType = sourcecode.swift; path = QuizContentView.swift; sourceTree = "<group>"; };
		79D5BBDA0AAE6A7C06FC4A13 /* Pods-MARU.debug.xcconfig */ = {isa = PBXFileReference; includeInIndex = 1; lastKnownFileType = text.xcconfig; name = "Pods-MARU.debug.xcconfig"; path = "Target Support Files/Pods-MARU/Pods-MARU.debug.xcconfig"; sourceTree = "<group>"; };
		922E74AB6EA270ECCE8CFC02 /* Pods-MARU.release.xcconfig */ = {isa = PBXFileReference; includeInIndex = 1; lastKnownFileType = text.xcconfig; name = "Pods-MARU.release.xcconfig"; path = "Target Support Files/Pods-MARU/Pods-MARU.release.xcconfig"; sourceTree = "<group>"; };
		C5038201262B0394002706C3 /* EmptyMeetCollectionViewCell.swift */ = {isa = PBXFileReference; lastKnownFileType = sourcecode.swift; path = EmptyMeetCollectionViewCell.swift; sourceTree = "<group>"; };
		C510367726201B4C00285A44 /* MeetCollectionViewCell.swift */ = {isa = PBXFileReference; lastKnownFileType = sourcecode.swift; path = MeetCollectionViewCell.swift; sourceTree = "<group>"; };
		C51CA7EF260D964E00CE4804 /* MARU.app */ = {isa = PBXFileReference; explicitFileType = wrapper.application; includeInIndex = 0; path = MARU.app; sourceTree = BUILT_PRODUCTS_DIR; };
		C51CA7F2260D964E00CE4804 /* AppDelegate.swift */ = {isa = PBXFileReference; lastKnownFileType = sourcecode.swift; path = AppDelegate.swift; sourceTree = "<group>"; };
		C51CA7F4260D964E00CE4804 /* SceneDelegate.swift */ = {isa = PBXFileReference; lastKnownFileType = sourcecode.swift; path = SceneDelegate.swift; sourceTree = "<group>"; };
		C51CA7F6260D964E00CE4804 /* LoginViewController.swift */ = {isa = PBXFileReference; lastKnownFileType = sourcecode.swift; path = LoginViewController.swift; sourceTree = "<group>"; };
		C51CA7FB260D966000CE4804 /* Assets.xcassets */ = {isa = PBXFileReference; lastKnownFileType = folder.assetcatalog; path = Assets.xcassets; sourceTree = "<group>"; };
		C51CA7FE260D966000CE4804 /* Base */ = {isa = PBXFileReference; lastKnownFileType = file.storyboard; name = Base; path = Base.lproj/LaunchScreen.storyboard; sourceTree = "<group>"; };
		C51CA800260D966000CE4804 /* Info.plist */ = {isa = PBXFileReference; lastKnownFileType = text.plist.xml; path = Info.plist; sourceTree = "<group>"; };
		C52E7829260F277F0087570E /* BaseViewController.swift */ = {isa = PBXFileReference; lastKnownFileType = sourcecode.swift; path = BaseViewController.swift; sourceTree = "<group>"; };
		C52F9F6F2642719E007C73B7 /* MyChatCollectionViewCell.swift */ = {isa = PBXFileReference; lastKnownFileType = sourcecode.swift; path = MyChatCollectionViewCell.swift; sourceTree = "<group>"; };
		C52F9F71264271BE007C73B7 /* OtherChatCollectionViewCell.swift */ = {isa = PBXFileReference; lastKnownFileType = sourcecode.swift; path = OtherChatCollectionViewCell.swift; sourceTree = "<group>"; };
		C5332ACA260F50EC007D7797 /* KeychainHandler.swift */ = {isa = PBXFileReference; lastKnownFileType = sourcecode.swift; path = KeychainHandler.swift; sourceTree = "<group>"; };
		C5332AD6260F5197007D7797 /* Model.swift */ = {isa = PBXFileReference; lastKnownFileType = sourcecode.swift; path = Model.swift; sourceTree = "<group>"; };
		C5436FB2262F1FFE00C2E1D3 /* ChatViewController.swift */ = {isa = PBXFileReference; lastKnownFileType = sourcecode.swift; path = ChatViewController.swift; sourceTree = "<group>"; };
		C5436FBA262F201B00C2E1D3 /* ChatViewModel.swift */ = {isa = PBXFileReference; lastKnownFileType = sourcecode.swift; path = ChatViewModel.swift; sourceTree = "<group>"; };
		C55E21BE266B616900D5D953 /* OnboardingViewController.swift */ = {isa = PBXFileReference; lastKnownFileType = sourcecode.swift; path = OnboardingViewController.swift; sourceTree = "<group>"; };
		C55E21C0266B7A9400D5D953 /* OnboardingCollectionViewCell.swift */ = {isa = PBXFileReference; lastKnownFileType = sourcecode.swift; path = OnboardingCollectionViewCell.swift; sourceTree = "<group>"; };
		C55E21C2266B7AD900D5D953 /* OnboardingLoginCollectionViewCell.swift */ = {isa = PBXFileReference; lastKnownFileType = sourcecode.swift; path = OnboardingLoginCollectionViewCell.swift; sourceTree = "<group>"; };
		C55F14DA260F31C4003D99D0 /* GoogleService-Info.plist */ = {isa = PBXFileReference; fileEncoding = 4; lastKnownFileType = text.plist.xml; path = "GoogleService-Info.plist"; sourceTree = "<group>"; };
		C55F1523260F3B74003D99D0 /* .swiftlint.yml */ = {isa = PBXFileReference; fileEncoding = 4; lastKnownFileType = text.yaml; path = .swiftlint.yml; sourceTree = "<group>"; };
		C55F152B260F3E52003D99D0 /* GoogleService-Info-Dev.plist */ = {isa = PBXFileReference; fileEncoding = 4; lastKnownFileType = text.plist.xml; path = "GoogleService-Info-Dev.plist"; sourceTree = "<group>"; };
		C55F1532260F3F2F003D99D0 /* SplashViewController.swift */ = {isa = PBXFileReference; lastKnownFileType = sourcecode.swift; path = SplashViewController.swift; sourceTree = "<group>"; };
		C55F1537260F3FA4003D99D0 /* UIViewController+.swift */ = {isa = PBXFileReference; lastKnownFileType = sourcecode.swift; path = "UIViewController+.swift"; sourceTree = "<group>"; };
		C55F153B260F3FC8003D99D0 /* UICollectionView+.swift */ = {isa = PBXFileReference; lastKnownFileType = sourcecode.swift; path = "UICollectionView+.swift"; sourceTree = "<group>"; };
		C55F153F260F3FDF003D99D0 /* ReusableView.swift */ = {isa = PBXFileReference; lastKnownFileType = sourcecode.swift; path = ReusableView.swift; sourceTree = "<group>"; };
		C55F173A260F4418003D99D0 /* UIView+.swift */ = {isa = PBXFileReference; lastKnownFileType = sourcecode.swift; path = "UIView+.swift"; sourceTree = "<group>"; };
		C55F173D260F4443003D99D0 /* CALayer+.swift */ = {isa = PBXFileReference; lastKnownFileType = sourcecode.swift; path = "CALayer+.swift"; sourceTree = "<group>"; };
		C55F1740260F449A003D99D0 /* Enviroment.swift */ = {isa = PBXFileReference; lastKnownFileType = sourcecode.swift; path = Enviroment.swift; sourceTree = "<group>"; };
		C55F177F260F469E003D99D0 /* RIDIBatang.otf */ = {isa = PBXFileReference; lastKnownFileType = file; path = RIDIBatang.otf; sourceTree = "<group>"; };
		C55F1782260F4703003D99D0 /* LoginViewModel.swift */ = {isa = PBXFileReference; lastKnownFileType = sourcecode.swift; path = LoginViewModel.swift; sourceTree = "<group>"; };
		C55F1785260F4727003D99D0 /* ViewModelType.swift */ = {isa = PBXFileReference; lastKnownFileType = sourcecode.swift; path = ViewModelType.swift; sourceTree = "<group>"; };
		C55F17EA260F48C5003D99D0 /* ViewController.swift */ = {isa = PBXFileReference; lastKnownFileType = sourcecode.swift; path = ViewController.swift; sourceTree = "<group>"; };
		C55F1813260F4DC5003D99D0 /* MARUUITests.xctest */ = {isa = PBXFileReference; explicitFileType = wrapper.cfbundle; includeInIndex = 0; path = MARUUITests.xctest; sourceTree = BUILT_PRODUCTS_DIR; };
		C55F1815260F4DC5003D99D0 /* MARUUITests.swift */ = {isa = PBXFileReference; lastKnownFileType = sourcecode.swift; path = MARUUITests.swift; sourceTree = "<group>"; };
		C55F1817260F4DC5003D99D0 /* Info.plist */ = {isa = PBXFileReference; lastKnownFileType = text.plist.xml; path = Info.plist; sourceTree = "<group>"; };
		C55F1823260F4DD1003D99D0 /* MARUTests.xctest */ = {isa = PBXFileReference; explicitFileType = wrapper.cfbundle; includeInIndex = 0; path = MARUTests.xctest; sourceTree = BUILT_PRODUCTS_DIR; };
		C55F1825260F4DD1003D99D0 /* MARUTests.swift */ = {isa = PBXFileReference; lastKnownFileType = sourcecode.swift; path = MARUTests.swift; sourceTree = "<group>"; };
		C55F1827260F4DD1003D99D0 /* Info.plist */ = {isa = PBXFileReference; lastKnownFileType = text.plist.xml; path = Info.plist; sourceTree = "<group>"; };
		C58F6A4E2646CFB000D8AA7C /* Int+.swift */ = {isa = PBXFileReference; lastKnownFileType = sourcecode.swift; path = "Int+.swift"; sourceTree = "<group>"; };
		C58F6A502646D05A00D8AA7C /* String+.swift */ = {isa = PBXFileReference; lastKnownFileType = sourcecode.swift; path = "String+.swift"; sourceTree = "<group>"; };
		C58F6A532646E9D600D8AA7C /* NetworkService.swift */ = {isa = PBXFileReference; lastKnownFileType = sourcecode.swift; path = NetworkService.swift; sourceTree = "<group>"; };
		C5B00F1D261887FF00911788 /* TabBarController.swift */ = {isa = PBXFileReference; lastKnownFileType = sourcecode.swift; path = TabBarController.swift; sourceTree = "<group>"; };
		C5E6E787261B33F000500370 /* MeetViewModel.swift */ = {isa = PBXFileReference; lastKnownFileType = sourcecode.swift; path = MeetViewModel.swift; sourceTree = "<group>"; };
		C5ED1D76261889AC00F670EC /* MainViewController.swift */ = {isa = PBXFileReference; lastKnownFileType = sourcecode.swift; path = MainViewController.swift; sourceTree = "<group>"; };
		C5ED1D7B261889C000F670EC /* MeetViewController.swift */ = {isa = PBXFileReference; lastKnownFileType = sourcecode.swift; path = MeetViewController.swift; sourceTree = "<group>"; };
		C5ED1D8026188A2900F670EC /* LibraryViewController.swift */ = {isa = PBXFileReference; lastKnownFileType = sourcecode.swift; path = LibraryViewController.swift; sourceTree = "<group>"; };
		C5ED5ADB263E73C100BA7D47 /* InputView.swift */ = {isa = PBXFileReference; lastKnownFileType = sourcecode.swift; path = InputView.swift; sourceTree = "<group>"; };
		E22306EA262AC6E400B25CEA /* Image.swift */ = {isa = PBXFileReference; lastKnownFileType = sourcecode.swift; path = Image.swift; sourceTree = "<group>"; };
		E22306EF262AC92000B25CEA /* RIDIBatangFont.swift */ = {isa = PBXFileReference; lastKnownFileType = sourcecode.swift; path = RIDIBatangFont.swift; sourceTree = "<group>"; };
		E22306F7262ACEBC00B25CEA /* UIColor+.swift */ = {isa = PBXFileReference; lastKnownFileType = sourcecode.swift; path = "UIColor+.swift"; sourceTree = "<group>"; };
		E22306FD262AD93B00B25CEA /* VerticalAlignLabel.swift */ = {isa = PBXFileReference; lastKnownFileType = sourcecode.swift; path = VerticalAlignLabel.swift; sourceTree = "<group>"; };
/* End PBXFileReference section */

/* Begin PBXFrameworksBuildPhase section */
		C51CA7EC260D964E00CE4804 /* Frameworks */ = {
			isa = PBXFrameworksBuildPhase;
			buildActionMask = 2147483647;
			files = (
				3BF7FD28D773FAA1F4281C08 /* Pods_MARU.framework in Frameworks */,
			);
			runOnlyForDeploymentPostprocessing = 0;
		};
		C55F1810260F4DC5003D99D0 /* Frameworks */ = {
			isa = PBXFrameworksBuildPhase;
			buildActionMask = 2147483647;
			files = (
			);
			runOnlyForDeploymentPostprocessing = 0;
		};
		C55F1820260F4DD1003D99D0 /* Frameworks */ = {
			isa = PBXFrameworksBuildPhase;
			buildActionMask = 2147483647;
			files = (
				E354F18DDF1FDEEB3BBD062E /* Pods_MARUTests.framework in Frameworks */,
			);
			runOnlyForDeploymentPostprocessing = 0;
		};
/* End PBXFrameworksBuildPhase section */

/* Begin PBXGroup section */
		46A4EB115B468DFC6C890F0D /* Frameworks */ = {
			isa = PBXGroup;
			children = (
				5CE16988EFDC8A9F29E8ABFB /* Pods_MARU.framework */,
				2D32DD52EE10905E1C82507D /* Pods_MARUTests.framework */,
			);
			name = Frameworks;
			sourceTree = "<group>";
		};
		774119072647F27F000372CF /* Model */ = {
			isa = PBXGroup;
			children = (
			);
			path = Model;
			sourceTree = "<group>";
		};
		77569B642620CDE5008BF77B /* Quiz */ = {
			isa = PBXGroup;
			children = (
				77E150FC262328B5007BEBBF /* View */,
				77569B732620CE60008BF77B /* Model */,
				77569B652620CDF4008BF77B /* ViewModel */,
			);
			path = Quiz;
			sourceTree = "<group>";
		};
		77569B652620CDF4008BF77B /* ViewModel */ = {
			isa = PBXGroup;
			children = (
				77569B6E2620CE20008BF77B /* QuizViewModel.swift */,
			);
			path = ViewModel;
			sourceTree = "<group>";
		};
		77569B732620CE60008BF77B /* Model */ = {
			isa = PBXGroup;
			children = (
				77569B742620CE6C008BF77B /* QuizModel.swift */,
			);
			path = Model;
			sourceTree = "<group>";
		};
		776320432646B31600293D1C /* Model */ = {
			isa = PBXGroup;
			children = (
				776320442646B35900293D1C /* Book.swift */,
				77B718ED26470CBC0005B129 /* MainModel.swift */,
			);
			path = Model;
			sourceTree = "<group>";
		};
		776320462646B5FE00293D1C /* ViewModel */ = {
			isa = PBXGroup;
			children = (
				776320472646B60E00293D1C /* MainViewModel.swift */,
			);
			path = ViewModel;
			sourceTree = "<group>";
		};
		776AF4EE2641A69F0020D2D8 /* Component */ = {
			isa = PBXGroup;
			children = (
				776AF4F42641BABA0020D2D8 /* Cells */,
				776AF4EF2641A7060020D2D8 /* MainViewCollectionView.swift */,
			);
			path = Component;
			sourceTree = "<group>";
		};
		776AF4F12641B0620020D2D8 /* Component */ = {
			isa = PBXGroup;
			children = (
				776AF4F22641B0BE0020D2D8 /* MaruSearchView.swift */,
			);
			path = Component;
			sourceTree = "<group>";
		};
		776AF4F42641BABA0020D2D8 /* Cells */ = {
			isa = PBXGroup;
			children = (
				776D06E22657F7EB007CD99B /* MainHeaderCell.swift */,
				776AF4F72641BAF30020D2D8 /* PopularMeetingCell.swift */,
				776AF4F52641BADF0020D2D8 /* NewMeetingCell.swift */,
				774BDE7226609B9800B97CC6 /* SectionHeader.swift */,
			);
			path = Cells;
			sourceTree = "<group>";
		};
		77E150FC262328B5007BEBBF /* View */ = {
			isa = PBXGroup;
			children = (
				77E151022623291B007BEBBF /* View */,
				77E150FD262328D3007BEBBF /* QuizViewController.swift */,
			);
			path = View;
			sourceTree = "<group>";
		};
		77E151022623291B007BEBBF /* View */ = {
			isa = PBXGroup;
			children = (
				77E1510326232938007BEBBF /* QuizContentView.swift */,
			);
			path = View;
			sourceTree = "<group>";
		};
		8DCB7E7F0E109E2724345950 /* Pods */ = {
			isa = PBXGroup;
			children = (
				79D5BBDA0AAE6A7C06FC4A13 /* Pods-MARU.debug.xcconfig */,
				922E74AB6EA270ECCE8CFC02 /* Pods-MARU.release.xcconfig */,
				036D8ACE6D8AA02323CE13E3 /* Pods-MARUTests.debug.xcconfig */,
				1A3F6BF62C4F66E442A6B6D6 /* Pods-MARUTests.release.xcconfig */,
			);
			path = Pods;
			sourceTree = "<group>";
		};
		C510367626201B3900285A44 /* Cells */ = {
			isa = PBXGroup;
			children = (
				C510367726201B4C00285A44 /* MeetCollectionViewCell.swift */,
				C5038201262B0394002706C3 /* EmptyMeetCollectionViewCell.swift */,
			);
			path = Cells;
			sourceTree = "<group>";
		};
		C51CA7E6260D964E00CE4804 = {
			isa = PBXGroup;
			children = (
				C55F1523260F3B74003D99D0 /* .swiftlint.yml */,
				C51CA7F1260D964E00CE4804 /* MARU */,
				C55F1824260F4DD1003D99D0 /* MARUTests */,
				C55F1814260F4DC5003D99D0 /* MARUUITests */,
				C51CA7F0260D964E00CE4804 /* Products */,
				8DCB7E7F0E109E2724345950 /* Pods */,
				46A4EB115B468DFC6C890F0D /* Frameworks */,
			);
			indentWidth = 2;
			sourceTree = "<group>";
			tabWidth = 2;
		};
		C51CA7F0260D964E00CE4804 /* Products */ = {
			isa = PBXGroup;
			children = (
				C51CA7EF260D964E00CE4804 /* MARU.app */,
				C55F1813260F4DC5003D99D0 /* MARUUITests.xctest */,
				C55F1823260F4DD1003D99D0 /* MARUTests.xctest */,
			);
			name = Products;
			sourceTree = "<group>";
		};
		C51CA7F1260D964E00CE4804 /* MARU */ = {
			isa = PBXGroup;
			children = (
				774119072647F27F000372CF /* Model */,
				C58F6A522646E9C600D8AA7C /* Network */,
				C52E781C260F27110087570E /* Global */,
				C5DB34DA260F256A00F29FE1 /* Screens */,
			);
			path = MARU;
			sourceTree = "<group>";
		};
		C52E781C260F27110087570E /* Global */ = {
			isa = PBXGroup;
			children = (
				E22306FC262AD92300B25CEA /* CutsomUtil */,
				C5332AD2260F5158007D7797 /* Model */,
				C5332AC9260F50CB007D7797 /* Singleton */,
				C55F153E260F3FD1003D99D0 /* Protocol */,
				C55F1536260F3F95003D99D0 /* Extensions */,
				C52E7821260F27530087570E /* Resources */,
				C52E7820260F27420087570E /* App */,
				C55F152E260F3E62003D99D0 /* DevConfig */,
				C5DB34D7260F255600F29FE1 /* Config */,
			);
			path = Global;
			sourceTree = "<group>";
		};
		C52E7820260F27420087570E /* App */ = {
			isa = PBXGroup;
			children = (
				C51CA7F2260D964E00CE4804 /* AppDelegate.swift */,
				C51CA7F4260D964E00CE4804 /* SceneDelegate.swift */,
			);
			path = App;
			sourceTree = "<group>";
		};
		C52E7821260F27530087570E /* Resources */ = {
			isa = PBXGroup;
			children = (
				C55F177E260F468C003D99D0 /* Font */,
				C51CA7FB260D966000CE4804 /* Assets.xcassets */,
				C51CA7FD260D966000CE4804 /* LaunchScreen.storyboard */,
				E22306EA262AC6E400B25CEA /* Image.swift */,
				E22306EF262AC92000B25CEA /* RIDIBatangFont.swift */,
			);
			path = Resources;
			sourceTree = "<group>";
		};
		C52E7825260F27660087570E /* Login */ = {
			isa = PBXGroup;
			children = (
				C52E7827260F276D0087570E /* ViewModel */,
				C52E7826260F276B0087570E /* View */,
			);
			path = Login;
			sourceTree = "<group>";
		};
		C52E7826260F276B0087570E /* View */ = {
			isa = PBXGroup;
			children = (
				C51CA7F6260D964E00CE4804 /* LoginViewController.swift */,
			);
			path = View;
			sourceTree = "<group>";
		};
		C52E7827260F276D0087570E /* ViewModel */ = {
			isa = PBXGroup;
			children = (
				C55F1782260F4703003D99D0 /* LoginViewModel.swift */,
			);
			path = ViewModel;
			sourceTree = "<group>";
		};
		C52E7828260F27760087570E /* Base */ = {
			isa = PBXGroup;
			children = (
				C52E7829260F277F0087570E /* BaseViewController.swift */,
				C5B00F1D261887FF00911788 /* TabBarController.swift */,
			);
			path = Base;
			sourceTree = "<group>";
		};
		C5332AC9260F50CB007D7797 /* Singleton */ = {
			isa = PBXGroup;
			children = (
				C5332ACA260F50EC007D7797 /* KeychainHandler.swift */,
			);
			path = Singleton;
			sourceTree = "<group>";
		};
		C5332AD2260F5158007D7797 /* Model */ = {
			isa = PBXGroup;
			children = (
				C5332AD6260F5197007D7797 /* Model.swift */,
			);
			path = Model;
			sourceTree = "<group>";
		};
		C5436FAE262F1FBD00C2E1D3 /* Chat */ = {
			isa = PBXGroup;
			children = (
				C5436FB1262F1FF100C2E1D3 /* View */,
				C5436FAF262F1FC500C2E1D3 /* ViewModel */,
			);
			path = Chat;
			sourceTree = "<group>";
		};
		C5436FAF262F1FC500C2E1D3 /* ViewModel */ = {
			isa = PBXGroup;
			children = (
				C5436FBA262F201B00C2E1D3 /* ChatViewModel.swift */,
			);
			path = ViewModel;
			sourceTree = "<group>";
		};
		C5436FB1262F1FF100C2E1D3 /* View */ = {
			isa = PBXGroup;
			children = (
				C54428292635ACAA00826E4F /* Cell */,
				C5436FB2262F1FFE00C2E1D3 /* ChatViewController.swift */,
			);
			path = View;
			sourceTree = "<group>";
		};
		C54428292635ACAA00826E4F /* Cell */ = {
			isa = PBXGroup;
			children = (
				C52F9F6F2642719E007C73B7 /* MyChatCollectionViewCell.swift */,
				C52F9F71264271BE007C73B7 /* OtherChatCollectionViewCell.swift */,
			);
			path = Cell;
			sourceTree = "<group>";
		};
		C55E21BD266B615100D5D953 /* Onboarding */ = {
			isa = PBXGroup;
			children = (
				C5BF82192675B1930074BF25 /* Cell */,
				C55E21BE266B616900D5D953 /* OnboardingViewController.swift */,
			);
			path = Onboarding;
			sourceTree = "<group>";
		};
		C55F152E260F3E62003D99D0 /* DevConfig */ = {
			isa = PBXGroup;
			children = (
				C55F152B260F3E52003D99D0 /* GoogleService-Info-Dev.plist */,
			);
			path = DevConfig;
			sourceTree = "<group>";
		};
		C55F1531260F3F1B003D99D0 /* Splash */ = {
			isa = PBXGroup;
			children = (
				C55F1532260F3F2F003D99D0 /* SplashViewController.swift */,
			);
			path = Splash;
			sourceTree = "<group>";
		};
		C55F1536260F3F95003D99D0 /* Extensions */ = {
			isa = PBXGroup;
			children = (
				C55F1537260F3FA4003D99D0 /* UIViewController+.swift */,
				C55F153B260F3FC8003D99D0 /* UICollectionView+.swift */,
				C55F173A260F4418003D99D0 /* UIView+.swift */,
				C55F173D260F4443003D99D0 /* CALayer+.swift */,
				E22306F7262ACEBC00B25CEA /* UIColor+.swift */,
				C58F6A4E2646CFB000D8AA7C /* Int+.swift */,
				C58F6A502646D05A00D8AA7C /* String+.swift */,
			);
			path = Extensions;
			sourceTree = "<group>";
		};
		C55F153E260F3FD1003D99D0 /* Protocol */ = {
			isa = PBXGroup;
			children = (
				C55F153F260F3FDF003D99D0 /* ReusableView.swift */,
				C55F1785260F4727003D99D0 /* ViewModelType.swift */,
				C55F17EA260F48C5003D99D0 /* ViewController.swift */,
			);
			path = Protocol;
			sourceTree = "<group>";
		};
		C55F177E260F468C003D99D0 /* Font */ = {
			isa = PBXGroup;
			children = (
				C55F177F260F469E003D99D0 /* RIDIBatang.otf */,
			);
			path = Font;
			sourceTree = "<group>";
		};
		C55F1814260F4DC5003D99D0 /* MARUUITests */ = {
			isa = PBXGroup;
			children = (
				C55F1815260F4DC5003D99D0 /* MARUUITests.swift */,
				C55F1817260F4DC5003D99D0 /* Info.plist */,
			);
			path = MARUUITests;
			sourceTree = "<group>";
		};
		C55F1824260F4DD1003D99D0 /* MARUTests */ = {
			isa = PBXGroup;
			children = (
				C55F1825260F4DD1003D99D0 /* MARUTests.swift */,
				C55F1827260F4DD1003D99D0 /* Info.plist */,
			);
			path = MARUTests;
			sourceTree = "<group>";
		};
		C58F6A522646E9C600D8AA7C /* Network */ = {
			isa = PBXGroup;
			children = (
				C58F6A532646E9D600D8AA7C /* NetworkService.swift */,
			);
			path = Network;
			sourceTree = "<group>";
		};
		C5BF82192675B1930074BF25 /* Cell */ = {
			isa = PBXGroup;
			children = (
				C55E21C0266B7A9400D5D953 /* OnboardingCollectionViewCell.swift */,
				C55E21C2266B7AD900D5D953 /* OnboardingLoginCollectionViewCell.swift */,
			);
			path = Cell;
			sourceTree = "<group>";
		};
		C5DB34D7260F255600F29FE1 /* Config */ = {
			isa = PBXGroup;
			children = (
				C55F14DA260F31C4003D99D0 /* GoogleService-Info.plist */,
				C51CA800260D966000CE4804 /* Info.plist */,
				C55F1740260F449A003D99D0 /* Enviroment.swift */,
			);
			path = Config;
			sourceTree = "<group>";
		};
		C5DB34DA260F256A00F29FE1 /* Screens */ = {
			isa = PBXGroup;
			children = (
				776AF4F12641B0620020D2D8 /* Component */,
				C5436FAE262F1FBD00C2E1D3 /* Chat */,
				77569B642620CDE5008BF77B /* Quiz */,
				C5ED1D722618899700F670EC /* Library */,
				C5ED1D712618898900F670EC /* Meet */,
				C5ED1D6F2618893500F670EC /* Main */,
				C52E7825260F27660087570E /* Login */,
				C55F1531260F3F1B003D99D0 /* Splash */,
				C55E21BD266B615100D5D953 /* Onboarding */,
				C52E7828260F27760087570E /* Base */,
			);
			path = Screens;
			sourceTree = "<group>";
		};
		C5E6E786261B33E300500370 /* ViewModel */ = {
			isa = PBXGroup;
			children = (
				C5E6E787261B33F000500370 /* MeetViewModel.swift */,
			);
			path = ViewModel;
			sourceTree = "<group>";
		};
		C5ED1D6F2618893500F670EC /* Main */ = {
			isa = PBXGroup;
			children = (
				776320462646B5FE00293D1C /* ViewModel */,
				776320432646B31600293D1C /* Model */,
				C5ED1D75261889A100F670EC /* View */,
			);
			path = Main;
			sourceTree = "<group>";
		};
		C5ED1D712618898900F670EC /* Meet */ = {
			isa = PBXGroup;
			children = (
				C5E6E786261B33E300500370 /* ViewModel */,
				C5ED1D742618899F00F670EC /* View */,
			);
			path = Meet;
			sourceTree = "<group>";
		};
		C5ED1D722618899700F670EC /* Library */ = {
			isa = PBXGroup;
			children = (
				C5ED1D732618899D00F670EC /* View */,
			);
			path = Library;
			sourceTree = "<group>";
		};
		C5ED1D732618899D00F670EC /* View */ = {
			isa = PBXGroup;
			children = (
				C5ED1D8026188A2900F670EC /* LibraryViewController.swift */,
			);
			path = View;
			sourceTree = "<group>";
		};
		C5ED1D742618899F00F670EC /* View */ = {
			isa = PBXGroup;
			children = (
				C510367626201B3900285A44 /* Cells */,
				C5ED1D7B261889C000F670EC /* MeetViewController.swift */,
			);
			path = View;
			sourceTree = "<group>";
		};
		C5ED1D75261889A100F670EC /* View */ = {
			isa = PBXGroup;
			children = (
				776AF4EE2641A69F0020D2D8 /* Component */,
				C5ED1D76261889AC00F670EC /* MainViewController.swift */,
				7784BB3726622B5D00B636EE /* MorePopularViewController.swift */,
			);
			path = View;
			sourceTree = "<group>";
		};
		E22306FC262AD92300B25CEA /* CutsomUtil */ = {
			isa = PBXGroup;
			children = (
				E22306FD262AD93B00B25CEA /* VerticalAlignLabel.swift */,
				C5ED5ADB263E73C100BA7D47 /* InputView.swift */,
			);
			path = CutsomUtil;
			sourceTree = "<group>";
		};
/* End PBXGroup section */

/* Begin PBXNativeTarget section */
		C51CA7EE260D964E00CE4804 /* MARU */ = {
			isa = PBXNativeTarget;
			buildConfigurationList = C51CA819260D966000CE4804 /* Build configuration list for PBXNativeTarget "MARU" */;
			buildPhases = (
				F8F223090045B5CCED54D5D4 /* [CP] Check Pods Manifest.lock */,
				C51CA7EB260D964E00CE4804 /* Sources */,
				C51CA7EC260D964E00CE4804 /* Frameworks */,
				C51CA7ED260D964E00CE4804 /* Resources */,
				C55F1526260F3BA9003D99D0 /* Lint Script */,
				C55F1528260F3C12003D99D0 /* Firebase crashlytics */,
				B9030BC511B36BF963278358 /* [CP] Embed Pods Frameworks */,
			);
			buildRules = (
			);
			dependencies = (
			);
			name = MARU;
			productName = MARU;
			productReference = C51CA7EF260D964E00CE4804 /* MARU.app */;
			productType = "com.apple.product-type.application";
		};
		C55F1812260F4DC5003D99D0 /* MARUUITests */ = {
			isa = PBXNativeTarget;
			buildConfigurationList = C55F181C260F4DC5003D99D0 /* Build configuration list for PBXNativeTarget "MARUUITests" */;
			buildPhases = (
				C55F180F260F4DC5003D99D0 /* Sources */,
				C55F1810260F4DC5003D99D0 /* Frameworks */,
				C55F1811260F4DC5003D99D0 /* Resources */,
			);
			buildRules = (
			);
			dependencies = (
				C55F1819260F4DC5003D99D0 /* PBXTargetDependency */,
			);
			name = MARUUITests;
			productName = MARUUITests;
			productReference = C55F1813260F4DC5003D99D0 /* MARUUITests.xctest */;
			productType = "com.apple.product-type.bundle.ui-testing";
		};
		C55F1822260F4DD1003D99D0 /* MARUTests */ = {
			isa = PBXNativeTarget;
			buildConfigurationList = C55F182A260F4DD1003D99D0 /* Build configuration list for PBXNativeTarget "MARUTests" */;
			buildPhases = (
				1CE56294AE06BFF8A020F520 /* [CP] Check Pods Manifest.lock */,
				C55F181F260F4DD1003D99D0 /* Sources */,
				C55F1820260F4DD1003D99D0 /* Frameworks */,
				C55F1821260F4DD1003D99D0 /* Resources */,
				17949F7A6752A1BF69545873 /* [CP] Embed Pods Frameworks */,
			);
			buildRules = (
			);
			dependencies = (
				C55F1829260F4DD1003D99D0 /* PBXTargetDependency */,
			);
			name = MARUTests;
			productName = MARUTests;
			productReference = C55F1823260F4DD1003D99D0 /* MARUTests.xctest */;
			productType = "com.apple.product-type.bundle.unit-test";
		};
/* End PBXNativeTarget section */

/* Begin PBXProject section */
		C51CA7E7260D964E00CE4804 /* Project object */ = {
			isa = PBXProject;
			attributes = {
				LastSwiftUpdateCheck = 1240;
				LastUpgradeCheck = 1240;
				TargetAttributes = {
					C51CA7EE260D964E00CE4804 = {
						CreatedOnToolsVersion = 12.4;
					};
					C55F1812260F4DC5003D99D0 = {
						CreatedOnToolsVersion = 12.4;
						TestTargetID = C51CA7EE260D964E00CE4804;
					};
					C55F1822260F4DD1003D99D0 = {
						CreatedOnToolsVersion = 12.4;
						TestTargetID = C51CA7EE260D964E00CE4804;
					};
				};
			};
			buildConfigurationList = C51CA7EA260D964E00CE4804 /* Build configuration list for PBXProject "MARU" */;
			compatibilityVersion = "Xcode 9.3";
			developmentRegion = en;
			hasScannedForEncodings = 0;
			knownRegions = (
				en,
				Base,
			);
			mainGroup = C51CA7E6260D964E00CE4804;
			productRefGroup = C51CA7F0260D964E00CE4804 /* Products */;
			projectDirPath = "";
			projectRoot = "";
			targets = (
				C51CA7EE260D964E00CE4804 /* MARU */,
				C55F1812260F4DC5003D99D0 /* MARUUITests */,
				C55F1822260F4DD1003D99D0 /* MARUTests */,
			);
		};
/* End PBXProject section */

/* Begin PBXResourcesBuildPhase section */
		C51CA7ED260D964E00CE4804 /* Resources */ = {
			isa = PBXResourcesBuildPhase;
			buildActionMask = 2147483647;
			files = (
				C55F1780260F46A5003D99D0 /* RIDIBatang.otf in Resources */,
				C55F1524260F3B74003D99D0 /* .swiftlint.yml in Resources */,
				C51CA7FF260D966000CE4804 /* LaunchScreen.storyboard in Resources */,
				C55F152C260F3E52003D99D0 /* GoogleService-Info-Dev.plist in Resources */,
				C51CA7FC260D966000CE4804 /* Assets.xcassets in Resources */,
				C55F14DB260F31C4003D99D0 /* GoogleService-Info.plist in Resources */,
			);
			runOnlyForDeploymentPostprocessing = 0;
		};
		C55F1811260F4DC5003D99D0 /* Resources */ = {
			isa = PBXResourcesBuildPhase;
			buildActionMask = 2147483647;
			files = (
			);
			runOnlyForDeploymentPostprocessing = 0;
		};
		C55F1821260F4DD1003D99D0 /* Resources */ = {
			isa = PBXResourcesBuildPhase;
			buildActionMask = 2147483647;
			files = (
			);
			runOnlyForDeploymentPostprocessing = 0;
		};
/* End PBXResourcesBuildPhase section */

/* Begin PBXShellScriptBuildPhase section */
		17949F7A6752A1BF69545873 /* [CP] Embed Pods Frameworks */ = {
			isa = PBXShellScriptBuildPhase;
			buildActionMask = 2147483647;
			files = (
			);
			inputFileListPaths = (
				"${PODS_ROOT}/Target Support Files/Pods-MARUTests/Pods-MARUTests-frameworks-${CONFIGURATION}-input-files.xcfilelist",
			);
			name = "[CP] Embed Pods Frameworks";
			outputFileListPaths = (
				"${PODS_ROOT}/Target Support Files/Pods-MARUTests/Pods-MARUTests-frameworks-${CONFIGURATION}-output-files.xcfilelist",
			);
			runOnlyForDeploymentPostprocessing = 0;
			shellPath = /bin/sh;
			shellScript = "\"${PODS_ROOT}/Target Support Files/Pods-MARUTests/Pods-MARUTests-frameworks.sh\"\n";
			showEnvVarsInLog = 0;
		};
		1CE56294AE06BFF8A020F520 /* [CP] Check Pods Manifest.lock */ = {
			isa = PBXShellScriptBuildPhase;
			buildActionMask = 2147483647;
			files = (
			);
			inputFileListPaths = (
			);
			inputPaths = (
				"${PODS_PODFILE_DIR_PATH}/Podfile.lock",
				"${PODS_ROOT}/Manifest.lock",
			);
			name = "[CP] Check Pods Manifest.lock";
			outputFileListPaths = (
			);
			outputPaths = (
				"$(DERIVED_FILE_DIR)/Pods-MARUTests-checkManifestLockResult.txt",
			);
			runOnlyForDeploymentPostprocessing = 0;
			shellPath = /bin/sh;
			shellScript = "diff \"${PODS_PODFILE_DIR_PATH}/Podfile.lock\" \"${PODS_ROOT}/Manifest.lock\" > /dev/null\nif [ $? != 0 ] ; then\n    # print error to STDERR\n    echo \"error: The sandbox is not in sync with the Podfile.lock. Run 'pod install' or update your CocoaPods installation.\" >&2\n    exit 1\nfi\n# This output is used by Xcode 'outputs' to avoid re-running this script phase.\necho \"SUCCESS\" > \"${SCRIPT_OUTPUT_FILE_0}\"\n";
			showEnvVarsInLog = 0;
		};
		B9030BC511B36BF963278358 /* [CP] Embed Pods Frameworks */ = {
			isa = PBXShellScriptBuildPhase;
			buildActionMask = 2147483647;
			files = (
			);
			inputFileListPaths = (
				"${PODS_ROOT}/Target Support Files/Pods-MARU/Pods-MARU-frameworks-${CONFIGURATION}-input-files.xcfilelist",
			);
			name = "[CP] Embed Pods Frameworks";
			outputFileListPaths = (
				"${PODS_ROOT}/Target Support Files/Pods-MARU/Pods-MARU-frameworks-${CONFIGURATION}-output-files.xcfilelist",
			);
			runOnlyForDeploymentPostprocessing = 0;
			shellPath = /bin/sh;
			shellScript = "\"${PODS_ROOT}/Target Support Files/Pods-MARU/Pods-MARU-frameworks.sh\"\n";
			showEnvVarsInLog = 0;
		};
		C55F1526260F3BA9003D99D0 /* Lint Script */ = {
			isa = PBXShellScriptBuildPhase;
			buildActionMask = 2147483647;
			files = (
			);
			inputFileListPaths = (
			);
			inputPaths = (
			);
			name = "Lint Script";
			outputFileListPaths = (
			);
			outputPaths = (
			);
			runOnlyForDeploymentPostprocessing = 0;
			shellPath = /bin/sh;
			shellScript = "\"${PODS_ROOT}/SwiftLint/swiftlint\"\n";
		};
		C55F1528260F3C12003D99D0 /* Firebase crashlytics */ = {
			isa = PBXShellScriptBuildPhase;
			buildActionMask = 2147483647;
			files = (
			);
			inputFileListPaths = (
			);
			inputPaths = (
			);
			name = "Firebase crashlytics";
			outputFileListPaths = (
			);
			outputPaths = (
			);
			runOnlyForDeploymentPostprocessing = 0;
			shellPath = /bin/sh;
			shellScript = "if [ \"${CONFIGURATION}\" != \"Debug\" ]; then\n    \"${PODS_ROOT}/FirebaseCrashlytics/run\"\n    \"${PODS_ROOT}/FirebaseCrashlytics/upload-symbols\" -gsp ${BUILT_PRODUCTS_DIR}/${PRODUCT_NAME}.app/GoogleService-Info.plist -p ios ${DWARF_DSYM_FOLDER_PATH}/${DWARF_DSYM_FILE_NAME}\nfi\n";
		};
		F8F223090045B5CCED54D5D4 /* [CP] Check Pods Manifest.lock */ = {
			isa = PBXShellScriptBuildPhase;
			buildActionMask = 2147483647;
			files = (
			);
			inputFileListPaths = (
			);
			inputPaths = (
				"${PODS_PODFILE_DIR_PATH}/Podfile.lock",
				"${PODS_ROOT}/Manifest.lock",
			);
			name = "[CP] Check Pods Manifest.lock";
			outputFileListPaths = (
			);
			outputPaths = (
				"$(DERIVED_FILE_DIR)/Pods-MARU-checkManifestLockResult.txt",
			);
			runOnlyForDeploymentPostprocessing = 0;
			shellPath = /bin/sh;
			shellScript = "diff \"${PODS_PODFILE_DIR_PATH}/Podfile.lock\" \"${PODS_ROOT}/Manifest.lock\" > /dev/null\nif [ $? != 0 ] ; then\n    # print error to STDERR\n    echo \"error: The sandbox is not in sync with the Podfile.lock. Run 'pod install' or update your CocoaPods installation.\" >&2\n    exit 1\nfi\n# This output is used by Xcode 'outputs' to avoid re-running this script phase.\necho \"SUCCESS\" > \"${SCRIPT_OUTPUT_FILE_0}\"\n";
			showEnvVarsInLog = 0;
		};
/* End PBXShellScriptBuildPhase section */

/* Begin PBXSourcesBuildPhase section */
		C51CA7EB260D964E00CE4804 /* Sources */ = {
			isa = PBXSourcesBuildPhase;
			buildActionMask = 2147483647;
			files = (
				C51CA7F7260D964E00CE4804 /* LoginViewController.swift in Sources */,
				77E150FE262328D3007BEBBF /* QuizViewController.swift in Sources */,
				C52E782A260F277F0087570E /* BaseViewController.swift in Sources */,
				C5038202262B0394002706C3 /* EmptyMeetCollectionViewCell.swift in Sources */,
				776D06E32657F7EB007CD99B /* MainHeaderCell.swift in Sources */,
				776AF4F62641BADF0020D2D8 /* NewMeetingCell.swift in Sources */,
				E22306EB262AC6E400B25CEA /* Image.swift in Sources */,
				C5ED1D7C261889C000F670EC /* MeetViewController.swift in Sources */,
				776320452646B35900293D1C /* Book.swift in Sources */,
				776AF4F32641B0BE0020D2D8 /* MaruSearchView.swift in Sources */,
				77B718EE26470CBC0005B129 /* MainModel.swift in Sources */,
				771B85DB26218874009ECF72 /* QuizViewModel.swift in Sources */,
				774BDE7326609B9800B97CC6 /* SectionHeader.swift in Sources */,
				C55E21C3266B7AD900D5D953 /* OnboardingLoginCollectionViewCell.swift in Sources */,
				77569B752620CE6C008BF77B /* QuizModel.swift in Sources */,
				C5332ACB260F50EC007D7797 /* KeychainHandler.swift in Sources */,
				C58F6A542646E9D600D8AA7C /* NetworkService.swift in Sources */,
				C58F6A512646D05A00D8AA7C /* String+.swift in Sources */,
				C55F1538260F3FA4003D99D0 /* UIViewController+.swift in Sources */,
				C55F173E260F4443003D99D0 /* CALayer+.swift in Sources */,
				77E1510426232938007BEBBF /* QuizContentView.swift in Sources */,
				C55E21C1266B7A9400D5D953 /* OnboardingCollectionViewCell.swift in Sources */,
				C52F9F72264271BE007C73B7 /* OtherChatCollectionViewCell.swift in Sources */,
				C5ED1D8126188A2900F670EC /* LibraryViewController.swift in Sources */,
				776AF4F82641BAF30020D2D8 /* PopularMeetingCell.swift in Sources */,
				E22306FE262AD93B00B25CEA /* VerticalAlignLabel.swift in Sources */,
				C55F17EB260F48C5003D99D0 /* ViewController.swift in Sources */,
				776320482646B60E00293D1C /* MainViewModel.swift in Sources */,
				C5E6E788261B33F000500370 /* MeetViewModel.swift in Sources */,
				C5B00F1E261887FF00911788 /* TabBarController.swift in Sources */,
				C55F1540260F3FDF003D99D0 /* ReusableView.swift in Sources */,
				C5436FB3262F1FFE00C2E1D3 /* ChatViewController.swift in Sources */,
				C5332AD7260F5197007D7797 /* Model.swift in Sources */,
				C51CA7F3260D964E00CE4804 /* AppDelegate.swift in Sources */,
				7784BB3826622B5D00B636EE /* MorePopularViewController.swift in Sources */,
				C5ED5ADC263E73C100BA7D47 /* InputView.swift in Sources */,
				E22306F8262ACEBC00B25CEA /* UIColor+.swift in Sources */,
				C51CA7F5260D964E00CE4804 /* SceneDelegate.swift in Sources */,
				C52F9F702642719E007C73B7 /* MyChatCollectionViewCell.swift in Sources */,
				C55E21BF266B616900D5D953 /* OnboardingViewController.swift in Sources */,
				C55F173B260F4418003D99D0 /* UIView+.swift in Sources */,
				C55F1783260F4703003D99D0 /* LoginViewModel.swift in Sources */,
				C58F6A4F2646CFB000D8AA7C /* Int+.swift in Sources */,
				C55F153C260F3FC8003D99D0 /* UICollectionView+.swift in Sources */,
				C55F1533260F3F2F003D99D0 /* SplashViewController.swift in Sources */,
				C5ED1D77261889AC00F670EC /* MainViewController.swift in Sources */,
				E22306F0262AC92000B25CEA /* RIDIBatangFont.swift in Sources */,
				C55F1741260F449A003D99D0 /* Enviroment.swift in Sources */,
				C55F1786260F4727003D99D0 /* ViewModelType.swift in Sources */,
				776AF4F02641A7060020D2D8 /* MainViewCollectionView.swift in Sources */,
				C5436FBB262F201B00C2E1D3 /* ChatViewModel.swift in Sources */,
				C510367826201B4C00285A44 /* MeetCollectionViewCell.swift in Sources */,
			);
			runOnlyForDeploymentPostprocessing = 0;
		};
		C55F180F260F4DC5003D99D0 /* Sources */ = {
			isa = PBXSourcesBuildPhase;
			buildActionMask = 2147483647;
			files = (
				C55F1816260F4DC5003D99D0 /* MARUUITests.swift in Sources */,
			);
			runOnlyForDeploymentPostprocessing = 0;
		};
		C55F181F260F4DD1003D99D0 /* Sources */ = {
			isa = PBXSourcesBuildPhase;
			buildActionMask = 2147483647;
			files = (
				771B85CA262186D3009ECF72 /* QuizModel.swift in Sources */,
				C55F1826260F4DD1003D99D0 /* MARUTests.swift in Sources */,
			);
			runOnlyForDeploymentPostprocessing = 0;
		};
/* End PBXSourcesBuildPhase section */

/* Begin PBXTargetDependency section */
		C55F1819260F4DC5003D99D0 /* PBXTargetDependency */ = {
			isa = PBXTargetDependency;
			target = C51CA7EE260D964E00CE4804 /* MARU */;
			targetProxy = C55F1818260F4DC5003D99D0 /* PBXContainerItemProxy */;
		};
		C55F1829260F4DD1003D99D0 /* PBXTargetDependency */ = {
			isa = PBXTargetDependency;
			target = C51CA7EE260D964E00CE4804 /* MARU */;
			targetProxy = C55F1828260F4DD1003D99D0 /* PBXContainerItemProxy */;
		};
/* End PBXTargetDependency section */

/* Begin PBXVariantGroup section */
		C51CA7FD260D966000CE4804 /* LaunchScreen.storyboard */ = {
			isa = PBXVariantGroup;
			children = (
				C51CA7FE260D966000CE4804 /* Base */,
			);
			name = LaunchScreen.storyboard;
			sourceTree = "<group>";
		};
/* End PBXVariantGroup section */

/* Begin XCBuildConfiguration section */
		C51CA817260D966000CE4804 /* Debug */ = {
			isa = XCBuildConfiguration;
			buildSettings = {
				ALWAYS_SEARCH_USER_PATHS = NO;
				CLANG_ANALYZER_NONNULL = YES;
				CLANG_ANALYZER_NUMBER_OBJECT_CONVERSION = YES_AGGRESSIVE;
				CLANG_CXX_LANGUAGE_STANDARD = "gnu++14";
				CLANG_CXX_LIBRARY = "libc++";
				CLANG_ENABLE_MODULES = YES;
				CLANG_ENABLE_OBJC_ARC = YES;
				CLANG_ENABLE_OBJC_WEAK = YES;
				CLANG_WARN_BLOCK_CAPTURE_AUTORELEASING = YES;
				CLANG_WARN_BOOL_CONVERSION = YES;
				CLANG_WARN_COMMA = YES;
				CLANG_WARN_CONSTANT_CONVERSION = YES;
				CLANG_WARN_DEPRECATED_OBJC_IMPLEMENTATIONS = YES;
				CLANG_WARN_DIRECT_OBJC_ISA_USAGE = YES_ERROR;
				CLANG_WARN_DOCUMENTATION_COMMENTS = YES;
				CLANG_WARN_EMPTY_BODY = YES;
				CLANG_WARN_ENUM_CONVERSION = YES;
				CLANG_WARN_INFINITE_RECURSION = YES;
				CLANG_WARN_INT_CONVERSION = YES;
				CLANG_WARN_NON_LITERAL_NULL_CONVERSION = YES;
				CLANG_WARN_OBJC_IMPLICIT_RETAIN_SELF = YES;
				CLANG_WARN_OBJC_LITERAL_CONVERSION = YES;
				CLANG_WARN_OBJC_ROOT_CLASS = YES_ERROR;
				CLANG_WARN_QUOTED_INCLUDE_IN_FRAMEWORK_HEADER = YES;
				CLANG_WARN_RANGE_LOOP_ANALYSIS = YES;
				CLANG_WARN_STRICT_PROTOTYPES = YES;
				CLANG_WARN_SUSPICIOUS_MOVE = YES;
				CLANG_WARN_UNGUARDED_AVAILABILITY = YES_AGGRESSIVE;
				CLANG_WARN_UNREACHABLE_CODE = YES;
				CLANG_WARN__DUPLICATE_METHOD_MATCH = YES;
				COPY_PHASE_STRIP = NO;
				DEBUG_INFORMATION_FORMAT = dwarf;
				ENABLE_STRICT_OBJC_MSGSEND = YES;
				ENABLE_TESTABILITY = YES;
				GCC_C_LANGUAGE_STANDARD = gnu11;
				GCC_DYNAMIC_NO_PIC = NO;
				GCC_NO_COMMON_BLOCKS = YES;
				GCC_OPTIMIZATION_LEVEL = 0;
				GCC_PREPROCESSOR_DEFINITIONS = (
					"DEBUG=1",
					"$(inherited)",
				);
				GCC_WARN_64_TO_32_BIT_CONVERSION = YES;
				GCC_WARN_ABOUT_RETURN_TYPE = YES_ERROR;
				GCC_WARN_UNDECLARED_SELECTOR = YES;
				GCC_WARN_UNINITIALIZED_AUTOS = YES_AGGRESSIVE;
				GCC_WARN_UNUSED_FUNCTION = YES;
				GCC_WARN_UNUSED_VARIABLE = YES;
				IPHONEOS_DEPLOYMENT_TARGET = 13.0;
				MTL_ENABLE_DEBUG_INFO = INCLUDE_SOURCE;
				MTL_FAST_MATH = YES;
				ONLY_ACTIVE_ARCH = YES;
				SDKROOT = iphoneos;
				SWIFT_ACTIVE_COMPILATION_CONDITIONS = DEBUG;
				SWIFT_OPTIMIZATION_LEVEL = "-Onone";
			};
			name = Debug;
		};
		C51CA818260D966000CE4804 /* Release */ = {
			isa = XCBuildConfiguration;
			buildSettings = {
				ALWAYS_SEARCH_USER_PATHS = NO;
				CLANG_ANALYZER_NONNULL = YES;
				CLANG_ANALYZER_NUMBER_OBJECT_CONVERSION = YES_AGGRESSIVE;
				CLANG_CXX_LANGUAGE_STANDARD = "gnu++14";
				CLANG_CXX_LIBRARY = "libc++";
				CLANG_ENABLE_MODULES = YES;
				CLANG_ENABLE_OBJC_ARC = YES;
				CLANG_ENABLE_OBJC_WEAK = YES;
				CLANG_WARN_BLOCK_CAPTURE_AUTORELEASING = YES;
				CLANG_WARN_BOOL_CONVERSION = YES;
				CLANG_WARN_COMMA = YES;
				CLANG_WARN_CONSTANT_CONVERSION = YES;
				CLANG_WARN_DEPRECATED_OBJC_IMPLEMENTATIONS = YES;
				CLANG_WARN_DIRECT_OBJC_ISA_USAGE = YES_ERROR;
				CLANG_WARN_DOCUMENTATION_COMMENTS = YES;
				CLANG_WARN_EMPTY_BODY = YES;
				CLANG_WARN_ENUM_CONVERSION = YES;
				CLANG_WARN_INFINITE_RECURSION = YES;
				CLANG_WARN_INT_CONVERSION = YES;
				CLANG_WARN_NON_LITERAL_NULL_CONVERSION = YES;
				CLANG_WARN_OBJC_IMPLICIT_RETAIN_SELF = YES;
				CLANG_WARN_OBJC_LITERAL_CONVERSION = YES;
				CLANG_WARN_OBJC_ROOT_CLASS = YES_ERROR;
				CLANG_WARN_QUOTED_INCLUDE_IN_FRAMEWORK_HEADER = YES;
				CLANG_WARN_RANGE_LOOP_ANALYSIS = YES;
				CLANG_WARN_STRICT_PROTOTYPES = YES;
				CLANG_WARN_SUSPICIOUS_MOVE = YES;
				CLANG_WARN_UNGUARDED_AVAILABILITY = YES_AGGRESSIVE;
				CLANG_WARN_UNREACHABLE_CODE = YES;
				CLANG_WARN__DUPLICATE_METHOD_MATCH = YES;
				COPY_PHASE_STRIP = NO;
				DEBUG_INFORMATION_FORMAT = "dwarf-with-dsym";
				ENABLE_NS_ASSERTIONS = NO;
				ENABLE_STRICT_OBJC_MSGSEND = YES;
				ENABLE_TESTABILITY = NO;
				GCC_C_LANGUAGE_STANDARD = gnu11;
				GCC_NO_COMMON_BLOCKS = YES;
				GCC_WARN_64_TO_32_BIT_CONVERSION = YES;
				GCC_WARN_ABOUT_RETURN_TYPE = YES_ERROR;
				GCC_WARN_UNDECLARED_SELECTOR = YES;
				GCC_WARN_UNINITIALIZED_AUTOS = YES_AGGRESSIVE;
				GCC_WARN_UNUSED_FUNCTION = YES;
				GCC_WARN_UNUSED_VARIABLE = YES;
				IPHONEOS_DEPLOYMENT_TARGET = 13.0;
				MTL_ENABLE_DEBUG_INFO = NO;
				MTL_FAST_MATH = YES;
				SDKROOT = iphoneos;
				SWIFT_COMPILATION_MODE = wholemodule;
				SWIFT_OPTIMIZATION_LEVEL = "-O";
				VALIDATE_PRODUCT = YES;
			};
			name = Release;
		};
		C51CA81A260D966000CE4804 /* Debug */ = {
			isa = XCBuildConfiguration;
			baseConfigurationReference = 79D5BBDA0AAE6A7C06FC4A13 /* Pods-MARU.debug.xcconfig */;
			buildSettings = {
				ASSETCATALOG_COMPILER_APPICON_NAME = AppIcon;
				ASSETCATALOG_COMPILER_GLOBAL_ACCENT_COLOR_NAME = AccentColor;
				BASE_URL = "http://베이스유아르엘_dev";
				BUNDLE_NAME = "마루_dev";
				CODE_SIGN_STYLE = Automatic;
				DEVELOPMENT_TEAM = 36BC59Q598;
				ENABLE_TESTING_SEARCH_PATHS = YES;
				GCC_WARN_PEDANTIC = NO;
				INFOPLIST_FILE = MARU/Global/Config/Info.plist;
				INFOPLIST_OUTPUT_FORMAT = binary;
				IPHONEOS_DEPLOYMENT_TARGET = 14.1;
				LD_RUNPATH_SEARCH_PATHS = (
					"$(inherited)",
					"@executable_path/Frameworks",
				);
				LINKER_DISPLAYS_MANGLED_NAMES = NO;
				OTHER_LDFLAGS = "";
				PRODUCT_BUNDLE_IDENTIFIER = kr.maru.dev;
				PRODUCT_MODULE_NAME = "$(PRODUCT_NAME:c99extidentifier)";
				PRODUCT_NAME = "$(TARGET_NAME)";
				SWIFT_VERSION = 5.0;
				TARGETED_DEVICE_FAMILY = 1;
				WARNING_CFLAGS = "";
			};
			name = Debug;
		};
		C51CA81B260D966000CE4804 /* Release */ = {
			isa = XCBuildConfiguration;
			baseConfigurationReference = 922E74AB6EA270ECCE8CFC02 /* Pods-MARU.release.xcconfig */;
			buildSettings = {
				ASSETCATALOG_COMPILER_APPICON_NAME = AppIcon;
				ASSETCATALOG_COMPILER_GLOBAL_ACCENT_COLOR_NAME = AccentColor;
				BASE_URL = "http://베이스유아르엘";
				BUNDLE_NAME = "마루";
				CODE_SIGN_STYLE = Automatic;
				DEVELOPMENT_TEAM = 36BC59Q598;
				ENABLE_TESTABILITY = NO;
				GCC_WARN_PEDANTIC = NO;
				INFOPLIST_FILE = MARU/Global/Config/Info.plist;
				INFOPLIST_OUTPUT_FORMAT = binary;
				IPHONEOS_DEPLOYMENT_TARGET = 14.1;
				LD_RUNPATH_SEARCH_PATHS = (
					"$(inherited)",
					"@executable_path/Frameworks",
				);
				LINKER_DISPLAYS_MANGLED_NAMES = NO;
				OTHER_LDFLAGS = "";
				PRODUCT_BUNDLE_IDENTIFIER = kr.maru;
				PRODUCT_NAME = "$(TARGET_NAME)";
				SWIFT_VERSION = 5.0;
				TARGETED_DEVICE_FAMILY = 1;
				WARNING_CFLAGS = "";
			};
			name = Release;
		};
		C55F181A260F4DC5003D99D0 /* Debug */ = {
			isa = XCBuildConfiguration;
			buildSettings = {
				CODE_SIGN_STYLE = Automatic;
				DEVELOPMENT_TEAM = 36BC59Q598;
				INFOPLIST_FILE = MARUUITests/Info.plist;
				IPHONEOS_DEPLOYMENT_TARGET = 14.4;
				LD_RUNPATH_SEARCH_PATHS = (
					"$(inherited)",
					"@executable_path/Frameworks",
					"@loader_path/Frameworks",
				);
				PRODUCT_BUNDLE_IDENTIFIER = kr.maru.MARUUITests;
				PRODUCT_NAME = "$(TARGET_NAME)";
				SWIFT_VERSION = 5.0;
				TARGETED_DEVICE_FAMILY = "1,2";
				TEST_TARGET_NAME = MARU;
			};
			name = Debug;
		};
		C55F181B260F4DC5003D99D0 /* Release */ = {
			isa = XCBuildConfiguration;
			buildSettings = {
				CODE_SIGN_STYLE = Automatic;
				DEVELOPMENT_TEAM = 36BC59Q598;
				INFOPLIST_FILE = MARUUITests/Info.plist;
				IPHONEOS_DEPLOYMENT_TARGET = 14.4;
				LD_RUNPATH_SEARCH_PATHS = (
					"$(inherited)",
					"@executable_path/Frameworks",
					"@loader_path/Frameworks",
				);
				PRODUCT_BUNDLE_IDENTIFIER = kr.maru.MARUUITests;
				PRODUCT_NAME = "$(TARGET_NAME)";
				SWIFT_VERSION = 5.0;
				TARGETED_DEVICE_FAMILY = "1,2";
				TEST_TARGET_NAME = MARU;
			};
			name = Release;
		};
		C55F182B260F4DD1003D99D0 /* Debug */ = {
			isa = XCBuildConfiguration;
			baseConfigurationReference = 036D8ACE6D8AA02323CE13E3 /* Pods-MARUTests.debug.xcconfig */;
			buildSettings = {
				BUNDLE_LOADER = "$(TEST_HOST)";
				CODE_SIGN_STYLE = Automatic;
				DEVELOPMENT_TEAM = 36BC59Q598;
				INFOPLIST_FILE = MARUTests/Info.plist;
				IPHONEOS_DEPLOYMENT_TARGET = 14.4;
				LD_RUNPATH_SEARCH_PATHS = (
					"$(inherited)",
					"@executable_path/Frameworks",
					"@loader_path/Frameworks",
				);
				PRODUCT_BUNDLE_IDENTIFIER = kr.maru.MARUTests;
				PRODUCT_NAME = "$(TARGET_NAME)";
				SWIFT_VERSION = 5.0;
				TARGETED_DEVICE_FAMILY = "1,2";
				TEST_HOST = "$(BUILT_PRODUCTS_DIR)/MARU.app/MARU";
			};
			name = Debug;
		};
		C55F182C260F4DD1003D99D0 /* Release */ = {
			isa = XCBuildConfiguration;
			baseConfigurationReference = 1A3F6BF62C4F66E442A6B6D6 /* Pods-MARUTests.release.xcconfig */;
			buildSettings = {
				BUNDLE_LOADER = "$(TEST_HOST)";
				CODE_SIGN_STYLE = Automatic;
				DEVELOPMENT_TEAM = 36BC59Q598;
				INFOPLIST_FILE = MARUTests/Info.plist;
				IPHONEOS_DEPLOYMENT_TARGET = 14.4;
				LD_RUNPATH_SEARCH_PATHS = (
					"$(inherited)",
					"@executable_path/Frameworks",
					"@loader_path/Frameworks",
				);
				PRODUCT_BUNDLE_IDENTIFIER = kr.maru.MARUTests;
				PRODUCT_NAME = "$(TARGET_NAME)";
				SWIFT_VERSION = 5.0;
				TARGETED_DEVICE_FAMILY = "1,2";
				TEST_HOST = "$(BUILT_PRODUCTS_DIR)/MARU.app/MARU";
			};
			name = Release;
		};
/* End XCBuildConfiguration section */

/* Begin XCConfigurationList section */
		C51CA7EA260D964E00CE4804 /* Build configuration list for PBXProject "MARU" */ = {
			isa = XCConfigurationList;
			buildConfigurations = (
				C51CA817260D966000CE4804 /* Debug */,
				C51CA818260D966000CE4804 /* Release */,
			);
			defaultConfigurationIsVisible = 0;
			defaultConfigurationName = Release;
		};
		C51CA819260D966000CE4804 /* Build configuration list for PBXNativeTarget "MARU" */ = {
			isa = XCConfigurationList;
			buildConfigurations = (
				C51CA81A260D966000CE4804 /* Debug */,
				C51CA81B260D966000CE4804 /* Release */,
			);
			defaultConfigurationIsVisible = 0;
			defaultConfigurationName = Release;
		};
		C55F181C260F4DC5003D99D0 /* Build configuration list for PBXNativeTarget "MARUUITests" */ = {
			isa = XCConfigurationList;
			buildConfigurations = (
				C55F181A260F4DC5003D99D0 /* Debug */,
				C55F181B260F4DC5003D99D0 /* Release */,
			);
			defaultConfigurationIsVisible = 0;
			defaultConfigurationName = Release;
		};
		C55F182A260F4DD1003D99D0 /* Build configuration list for PBXNativeTarget "MARUTests" */ = {
			isa = XCConfigurationList;
			buildConfigurations = (
				C55F182B260F4DD1003D99D0 /* Debug */,
				C55F182C260F4DD1003D99D0 /* Release */,
			);
			defaultConfigurationIsVisible = 0;
			defaultConfigurationName = Release;
		};
/* End XCConfigurationList section */
	};
	rootObject = C51CA7E7260D964E00CE4804 /* Project object */;
}
